lockfileVersion: '9.0'

settings:
  autoInstallPeers: true
  excludeLinksFromLockfile: false

importers:

  .:
    dependencies:
      '@nestjs/common':
        specifier: ^11.1.6
        version: 11.1.6(reflect-metadata@0.2.2)(rxjs@7.8.2)
      '@nestjs/core':
        specifier: ^11.1.6
        version: 11.1.6(@nestjs/common@11.1.6(reflect-metadata@0.2.2)(rxjs@7.8.2))(reflect-metadata@0.2.2)(rxjs@7.8.2)
      '@nestjs/swagger':
        specifier: ^11.2.0
        version: 11.2.0(@nestjs/common@11.1.6(reflect-metadata@0.2.2)(rxjs@7.8.2))(@nestjs/core@11.1.6(@nestjs/common@11.1.6(reflect-metadata@0.2.2)(rxjs@7.8.2))(reflect-metadata@0.2.2)(rxjs@7.8.2))(reflect-metadata@0.2.2)
      reflect-metadata:
        specifier: ^0.2.2
        version: 0.2.2
    devDependencies:
      '@types/minimist':
        specifier: ^1.2.5
        version: 1.2.5
      '@types/node':
        specifier: ^22.18.6
        version: 22.18.6
      minimist:
        specifier: ^1.2.8
        version: 1.2.8
      ts-morph:
        specifier: ^27.0.0
        version: 27.0.0
      tsx:
        specifier: ^4.20.5
        version: 4.20.5
      typescript:
        specifier: ^5.9.2
        version: 5.9.2
      vitest:
        specifier: ^3.2.4
        version: 3.2.4(@types/node@22.18.6)(tsx@4.20.5)

packages:

  '@borewit/text-codec@0.1.1':
    resolution: {integrity: sha512-5L/uBxmjaCIX5h8Z+uu+kA9BQLkc/Wl06UGR5ajNRxu+/XjonB5i8JpgFMrPj3LXTCPA0pv8yxUvbUi+QthGGA==}

  '@esbuild/aix-ppc64@0.25.8':
    resolution: {integrity: sha512-urAvrUedIqEiFR3FYSLTWQgLu5tb+m0qZw0NBEasUeo6wuqatkMDaRT+1uABiGXEu5vqgPd7FGE1BhsAIy9QVA==}
    engines: {node: '>=18'}
    cpu: [ppc64]
    os: [aix]

  '@esbuild/android-arm64@0.25.8':
    resolution: {integrity: sha512-OD3p7LYzWpLhZEyATcTSJ67qB5D+20vbtr6vHlHWSQYhKtzUYrETuWThmzFpZtFsBIxRvhO07+UgVA9m0i/O1w==}
    engines: {node: '>=18'}
    cpu: [arm64]
    os: [android]

  '@esbuild/android-arm@0.25.8':
    resolution: {integrity: sha512-RONsAvGCz5oWyePVnLdZY/HHwA++nxYWIX1atInlaW6SEkwq6XkP3+cb825EUcRs5Vss/lGh/2YxAb5xqc07Uw==}
    engines: {node: '>=18'}
    cpu: [arm]
    os: [android]

  '@esbuild/android-x64@0.25.8':
    resolution: {integrity: sha512-yJAVPklM5+4+9dTeKwHOaA+LQkmrKFX96BM0A/2zQrbS6ENCmxc4OVoBs5dPkCCak2roAD+jKCdnmOqKszPkjA==}
    engines: {node: '>=18'}
    cpu: [x64]
    os: [android]

  '@esbuild/darwin-arm64@0.25.8':
    resolution: {integrity: sha512-Jw0mxgIaYX6R8ODrdkLLPwBqHTtYHJSmzzd+QeytSugzQ0Vg4c5rDky5VgkoowbZQahCbsv1rT1KW72MPIkevw==}
    engines: {node: '>=18'}
    cpu: [arm64]
    os: [darwin]

  '@esbuild/darwin-x64@0.25.8':
    resolution: {integrity: sha512-Vh2gLxxHnuoQ+GjPNvDSDRpoBCUzY4Pu0kBqMBDlK4fuWbKgGtmDIeEC081xi26PPjn+1tct+Bh8FjyLlw1Zlg==}
    engines: {node: '>=18'}
    cpu: [x64]
    os: [darwin]

  '@esbuild/freebsd-arm64@0.25.8':
    resolution: {integrity: sha512-YPJ7hDQ9DnNe5vxOm6jaie9QsTwcKedPvizTVlqWG9GBSq+BuyWEDazlGaDTC5NGU4QJd666V0yqCBL2oWKPfA==}
    engines: {node: '>=18'}
    cpu: [arm64]
    os: [freebsd]

  '@esbuild/freebsd-x64@0.25.8':
    resolution: {integrity: sha512-MmaEXxQRdXNFsRN/KcIimLnSJrk2r5H8v+WVafRWz5xdSVmWLoITZQXcgehI2ZE6gioE6HirAEToM/RvFBeuhw==}
    engines: {node: '>=18'}
    cpu: [x64]
    os: [freebsd]

  '@esbuild/linux-arm64@0.25.8':
    resolution: {integrity: sha512-WIgg00ARWv/uYLU7lsuDK00d/hHSfES5BzdWAdAig1ioV5kaFNrtK8EqGcUBJhYqotlUByUKz5Qo6u8tt7iD/w==}
    engines: {node: '>=18'}
    cpu: [arm64]
    os: [linux]

  '@esbuild/linux-arm@0.25.8':
    resolution: {integrity: sha512-FuzEP9BixzZohl1kLf76KEVOsxtIBFwCaLupVuk4eFVnOZfU+Wsn+x5Ryam7nILV2pkq2TqQM9EZPsOBuMC+kg==}
    engines: {node: '>=18'}
    cpu: [arm]
    os: [linux]

  '@esbuild/linux-ia32@0.25.8':
    resolution: {integrity: sha512-A1D9YzRX1i+1AJZuFFUMP1E9fMaYY+GnSQil9Tlw05utlE86EKTUA7RjwHDkEitmLYiFsRd9HwKBPEftNdBfjg==}
    engines: {node: '>=18'}
    cpu: [ia32]
    os: [linux]

  '@esbuild/linux-loong64@0.25.8':
    resolution: {integrity: sha512-O7k1J/dwHkY1RMVvglFHl1HzutGEFFZ3kNiDMSOyUrB7WcoHGf96Sh+64nTRT26l3GMbCW01Ekh/ThKM5iI7hQ==}
    engines: {node: '>=18'}
    cpu: [loong64]
    os: [linux]

  '@esbuild/linux-mips64el@0.25.8':
    resolution: {integrity: sha512-uv+dqfRazte3BzfMp8PAQXmdGHQt2oC/y2ovwpTteqrMx2lwaksiFZ/bdkXJC19ttTvNXBuWH53zy/aTj1FgGw==}
    engines: {node: '>=18'}
    cpu: [mips64el]
    os: [linux]

  '@esbuild/linux-ppc64@0.25.8':
    resolution: {integrity: sha512-GyG0KcMi1GBavP5JgAkkstMGyMholMDybAf8wF5A70CALlDM2p/f7YFE7H92eDeH/VBtFJA5MT4nRPDGg4JuzQ==}
    engines: {node: '>=18'}
    cpu: [ppc64]
    os: [linux]

  '@esbuild/linux-riscv64@0.25.8':
    resolution: {integrity: sha512-rAqDYFv3yzMrq7GIcen3XP7TUEG/4LK86LUPMIz6RT8A6pRIDn0sDcvjudVZBiiTcZCY9y2SgYX2lgK3AF+1eg==}
    engines: {node: '>=18'}
    cpu: [riscv64]
    os: [linux]

  '@esbuild/linux-s390x@0.25.8':
    resolution: {integrity: sha512-Xutvh6VjlbcHpsIIbwY8GVRbwoviWT19tFhgdA7DlenLGC/mbc3lBoVb7jxj9Z+eyGqvcnSyIltYUrkKzWqSvg==}
    engines: {node: '>=18'}
    cpu: [s390x]
    os: [linux]

  '@esbuild/linux-x64@0.25.8':
    resolution: {integrity: sha512-ASFQhgY4ElXh3nDcOMTkQero4b1lgubskNlhIfJrsH5OKZXDpUAKBlNS0Kx81jwOBp+HCeZqmoJuihTv57/jvQ==}
    engines: {node: '>=18'}
    cpu: [x64]
    os: [linux]

  '@esbuild/netbsd-arm64@0.25.8':
    resolution: {integrity: sha512-d1KfruIeohqAi6SA+gENMuObDbEjn22olAR7egqnkCD9DGBG0wsEARotkLgXDu6c4ncgWTZJtN5vcgxzWRMzcw==}
    engines: {node: '>=18'}
    cpu: [arm64]
    os: [netbsd]

  '@esbuild/netbsd-x64@0.25.8':
    resolution: {integrity: sha512-nVDCkrvx2ua+XQNyfrujIG38+YGyuy2Ru9kKVNyh5jAys6n+l44tTtToqHjino2My8VAY6Lw9H7RI73XFi66Cg==}
    engines: {node: '>=18'}
    cpu: [x64]
    os: [netbsd]

  '@esbuild/openbsd-arm64@0.25.8':
    resolution: {integrity: sha512-j8HgrDuSJFAujkivSMSfPQSAa5Fxbvk4rgNAS5i3K+r8s1X0p1uOO2Hl2xNsGFppOeHOLAVgYwDVlmxhq5h+SQ==}
    engines: {node: '>=18'}
    cpu: [arm64]
    os: [openbsd]

  '@esbuild/openbsd-x64@0.25.8':
    resolution: {integrity: sha512-1h8MUAwa0VhNCDp6Af0HToI2TJFAn1uqT9Al6DJVzdIBAd21m/G0Yfc77KDM3uF3T/YaOgQq3qTJHPbTOInaIQ==}
    engines: {node: '>=18'}
    cpu: [x64]
    os: [openbsd]

  '@esbuild/openharmony-arm64@0.25.8':
    resolution: {integrity: sha512-r2nVa5SIK9tSWd0kJd9HCffnDHKchTGikb//9c7HX+r+wHYCpQrSgxhlY6KWV1nFo1l4KFbsMlHk+L6fekLsUg==}
    engines: {node: '>=18'}
    cpu: [arm64]
    os: [openharmony]

  '@esbuild/sunos-x64@0.25.8':
    resolution: {integrity: sha512-zUlaP2S12YhQ2UzUfcCuMDHQFJyKABkAjvO5YSndMiIkMimPmxA+BYSBikWgsRpvyxuRnow4nS5NPnf9fpv41w==}
    engines: {node: '>=18'}
    cpu: [x64]
    os: [sunos]

  '@esbuild/win32-arm64@0.25.8':
    resolution: {integrity: sha512-YEGFFWESlPva8hGL+zvj2z/SaK+pH0SwOM0Nc/d+rVnW7GSTFlLBGzZkuSU9kFIGIo8q9X3ucpZhu8PDN5A2sQ==}
    engines: {node: '>=18'}
    cpu: [arm64]
    os: [win32]

  '@esbuild/win32-ia32@0.25.8':
    resolution: {integrity: sha512-hiGgGC6KZ5LZz58OL/+qVVoZiuZlUYlYHNAmczOm7bs2oE1XriPFi5ZHHrS8ACpV5EjySrnoCKmcbQMN+ojnHg==}
    engines: {node: '>=18'}
    cpu: [ia32]
    os: [win32]

  '@esbuild/win32-x64@0.25.8':
    resolution: {integrity: sha512-cn3Yr7+OaaZq1c+2pe+8yxC8E144SReCQjN6/2ynubzYjvyqZjTXfQJpAcQpsdJq3My7XADANiYGHoFC69pLQw==}
    engines: {node: '>=18'}
    cpu: [x64]
    os: [win32]

  '@isaacs/balanced-match@4.0.1':
    resolution: {integrity: sha512-yzMTt9lEb8Gv7zRioUilSglI0c0smZ9k5D65677DLWLtWJaXIS3CqcGyUFByYKlnUj6TkjLVs54fBl6+TiGQDQ==}
    engines: {node: 20 || >=22}

  '@isaacs/brace-expansion@5.0.0':
    resolution: {integrity: sha512-ZT55BDLV0yv0RBm2czMiZ+SqCGO7AvmOM3G/w2xhVPH+te0aKgFjmBvGlL1dH+ql2tgGO3MVrbb3jCKyvpgnxA==}
    engines: {node: 20 || >=22}

  '@jridgewell/sourcemap-codec@1.5.5':
    resolution: {integrity: sha512-cYQ9310grqxueWbl+WuIUIaiUaDcj7WOq5fVhEljNVgRfOUhY9fy2zTvfoqWsnebh8Sl70VScFbICvJnLKB0Og==}

  '@lukeed/csprng@1.1.0':
    resolution: {integrity: sha512-Z7C/xXCiGWsg0KuKsHTKJxbWhpI3Vs5GwLfOean7MGyVFGqdRgBbAjOCh6u4bbjPc/8MJ2pZmK/0DLdCbivLDA==}
    engines: {node: '>=8'}

  '@microsoft/tsdoc@0.15.1':
    resolution: {integrity: sha512-4aErSrCR/On/e5G2hDP0wjooqDdauzEbIq8hIkIe5pXV0rtWJZvdCEKL0ykZxex+IxIwBp0eGeV48hQN07dXtw==}

  '@nestjs/common@11.1.6':
    resolution: {integrity: sha512-krKwLLcFmeuKDqngG2N/RuZHCs2ycsKcxWIDgcm7i1lf3sQ0iG03ci+DsP/r3FcT/eJDFsIHnKtNta2LIi7PzQ==}
    peerDependencies:
      class-transformer: '>=0.4.1'
      class-validator: '>=0.13.2'
      reflect-metadata: ^0.1.12 || ^0.2.0
      rxjs: ^7.1.0
    peerDependenciesMeta:
      class-transformer:
        optional: true
      class-validator:
        optional: true

  '@nestjs/core@11.1.6':
    resolution: {integrity: sha512-siWX7UDgErisW18VTeJA+x+/tpNZrJewjTBsRPF3JVxuWRuAB1kRoiJcxHgln8Lb5UY9NdvklITR84DUEXD0Cg==}
    engines: {node: '>= 20'}
    peerDependencies:
      '@nestjs/common': ^11.0.0
      '@nestjs/microservices': ^11.0.0
      '@nestjs/platform-express': ^11.0.0
      '@nestjs/websockets': ^11.0.0
      reflect-metadata: ^0.1.12 || ^0.2.0
      rxjs: ^7.1.0
    peerDependenciesMeta:
      '@nestjs/microservices':
        optional: true
      '@nestjs/platform-express':
        optional: true
      '@nestjs/websockets':
        optional: true

  '@nestjs/mapped-types@2.1.0':
    resolution: {integrity: sha512-W+n+rM69XsFdwORF11UqJahn4J3xi4g/ZEOlJNL6KoW5ygWSmBB2p0S2BZ4FQeS/NDH72e6xIcu35SfJnE8bXw==}
    peerDependencies:
      '@nestjs/common': ^10.0.0 || ^11.0.0
      class-transformer: ^0.4.0 || ^0.5.0
      class-validator: ^0.13.0 || ^0.14.0
      reflect-metadata: ^0.1.12 || ^0.2.0
    peerDependenciesMeta:
      class-transformer:
        optional: true
      class-validator:
        optional: true

  '@nestjs/swagger@11.2.0':
    resolution: {integrity: sha512-5wolt8GmpNcrQv34tIPUtPoV1EeFbCetm40Ij3+M0FNNnf2RJ3FyWfuQvI8SBlcJyfaounYVTKzKHreFXsUyOg==}
    peerDependencies:
      '@fastify/static': ^8.0.0
      '@nestjs/common': ^11.0.1
      '@nestjs/core': ^11.0.1
      class-transformer: '*'
      class-validator: '*'
      reflect-metadata: ^0.1.12 || ^0.2.0
    peerDependenciesMeta:
      '@fastify/static':
        optional: true
      class-transformer:
        optional: true
      class-validator:
        optional: true

  '@nuxt/opencollective@0.4.1':
    resolution: {integrity: sha512-GXD3wy50qYbxCJ652bDrDzgMr3NFEkIS374+IgFQKkCvk9yiYcLvX2XDYr7UyQxf4wK0e+yqDYRubZ0DtOxnmQ==}
    engines: {node: ^14.18.0 || >=16.10.0, npm: '>=5.10.0'}
    hasBin: true

  '@rollup/rollup-android-arm-eabi@4.50.2':
    resolution: {integrity: sha512-uLN8NAiFVIRKX9ZQha8wy6UUs06UNSZ32xj6giK/rmMXAgKahwExvK6SsmgU5/brh4w/nSgj8e0k3c1HBQpa0A==}
    cpu: [arm]
    os: [android]

  '@rollup/rollup-android-arm64@4.50.2':
    resolution: {integrity: sha512-oEouqQk2/zxxj22PNcGSskya+3kV0ZKH+nQxuCCOGJ4oTXBdNTbv+f/E3c74cNLeMO1S5wVWacSws10TTSB77g==}
    cpu: [arm64]
    os: [android]

  '@rollup/rollup-darwin-arm64@4.50.2':
    resolution: {integrity: sha512-OZuTVTpj3CDSIxmPgGH8en/XtirV5nfljHZ3wrNwvgkT5DQLhIKAeuFSiwtbMto6oVexV0k1F1zqURPKf5rI1Q==}
    cpu: [arm64]
    os: [darwin]

  '@rollup/rollup-darwin-x64@4.50.2':
    resolution: {integrity: sha512-Wa/Wn8RFkIkr1vy1k1PB//VYhLnlnn5eaJkfTQKivirOvzu5uVd2It01ukeQstMursuz7S1bU+8WW+1UPXpa8A==}
    cpu: [x64]
    os: [darwin]

  '@rollup/rollup-freebsd-arm64@4.50.2':
    resolution: {integrity: sha512-QkzxvH3kYN9J1w7D1A+yIMdI1pPekD+pWx7G5rXgnIlQ1TVYVC6hLl7SOV9pi5q9uIDF9AuIGkuzcbF7+fAhow==}
    cpu: [arm64]
    os: [freebsd]

  '@rollup/rollup-freebsd-x64@4.50.2':
    resolution: {integrity: sha512-dkYXB0c2XAS3a3jmyDkX4Jk0m7gWLFzq1C3qUnJJ38AyxIF5G/dyS4N9B30nvFseCfgtCEdbYFhk0ChoCGxPog==}
    cpu: [x64]
    os: [freebsd]

  '@rollup/rollup-linux-arm-gnueabihf@4.50.2':
    resolution: {integrity: sha512-9VlPY/BN3AgbukfVHAB8zNFWB/lKEuvzRo1NKev0Po8sYFKx0i+AQlCYftgEjcL43F2h9Ui1ZSdVBc4En/sP2w==}
    cpu: [arm]
    os: [linux]

  '@rollup/rollup-linux-arm-musleabihf@4.50.2':
    resolution: {integrity: sha512-+GdKWOvsifaYNlIVf07QYan1J5F141+vGm5/Y8b9uCZnG/nxoGqgCmR24mv0koIWWuqvFYnbURRqw1lv7IBINw==}
    cpu: [arm]
    os: [linux]

  '@rollup/rollup-linux-arm64-gnu@4.50.2':
    resolution: {integrity: sha512-df0Eou14ojtUdLQdPFnymEQteENwSJAdLf5KCDrmZNsy1c3YaCNaJvYsEUHnrg+/DLBH612/R0xd3dD03uz2dg==}
    cpu: [arm64]
    os: [linux]

  '@rollup/rollup-linux-arm64-musl@4.50.2':
    resolution: {integrity: sha512-iPeouV0UIDtz8j1YFR4OJ/zf7evjauqv7jQ/EFs0ClIyL+by++hiaDAfFipjOgyz6y6xbDvJuiU4HwpVMpRFDQ==}
    cpu: [arm64]
    os: [linux]

  '@rollup/rollup-linux-loong64-gnu@4.50.2':
    resolution: {integrity: sha512-OL6KaNvBopLlj5fTa5D5bau4W82f+1TyTZRr2BdnfsrnQnmdxh4okMxR2DcDkJuh4KeoQZVuvHvzuD/lyLn2Kw==}
    cpu: [loong64]
    os: [linux]

  '@rollup/rollup-linux-ppc64-gnu@4.50.2':
    resolution: {integrity: sha512-I21VJl1w6z/K5OTRl6aS9DDsqezEZ/yKpbqlvfHbW0CEF5IL8ATBMuUx6/mp683rKTK8thjs/0BaNrZLXetLag==}
    cpu: [ppc64]
    os: [linux]

  '@rollup/rollup-linux-riscv64-gnu@4.50.2':
    resolution: {integrity: sha512-Hq6aQJT/qFFHrYMjS20nV+9SKrXL2lvFBENZoKfoTH2kKDOJqff5OSJr4x72ZaG/uUn+XmBnGhfr4lwMRrmqCQ==}
    cpu: [riscv64]
    os: [linux]

  '@rollup/rollup-linux-riscv64-musl@4.50.2':
    resolution: {integrity: sha512-82rBSEXRv5qtKyr0xZ/YMF531oj2AIpLZkeNYxmKNN6I2sVE9PGegN99tYDLK2fYHJITL1P2Lgb4ZXnv0PjQvw==}
    cpu: [riscv64]
    os: [linux]

  '@rollup/rollup-linux-s390x-gnu@4.50.2':
    resolution: {integrity: sha512-4Q3S3Hy7pC6uaRo9gtXUTJ+EKo9AKs3BXKc2jYypEcMQ49gDPFU2P1ariX9SEtBzE5egIX6fSUmbmGazwBVF9w==}
    cpu: [s390x]
    os: [linux]

  '@rollup/rollup-linux-x64-gnu@4.50.2':
    resolution: {integrity: sha512-9Jie/At6qk70dNIcopcL4p+1UirusEtznpNtcq/u/C5cC4HBX7qSGsYIcG6bdxj15EYWhHiu02YvmdPzylIZlA==}
    cpu: [x64]
    os: [linux]

  '@rollup/rollup-linux-x64-musl@4.50.2':
    resolution: {integrity: sha512-HPNJwxPL3EmhzeAnsWQCM3DcoqOz3/IC6de9rWfGR8ZCuEHETi9km66bH/wG3YH0V3nyzyFEGUZeL5PKyy4xvw==}
    cpu: [x64]
    os: [linux]

  '@rollup/rollup-openharmony-arm64@4.50.2':
    resolution: {integrity: sha512-nMKvq6FRHSzYfKLHZ+cChowlEkR2lj/V0jYj9JnGUVPL2/mIeFGmVM2mLaFeNa5Jev7W7TovXqXIG2d39y1KYA==}
    cpu: [arm64]
    os: [openharmony]

  '@rollup/rollup-win32-arm64-msvc@4.50.2':
    resolution: {integrity: sha512-eFUvvnTYEKeTyHEijQKz81bLrUQOXKZqECeiWH6tb8eXXbZk+CXSG2aFrig2BQ/pjiVRj36zysjgILkqarS2YA==}
    cpu: [arm64]
    os: [win32]

  '@rollup/rollup-win32-ia32-msvc@4.50.2':
    resolution: {integrity: sha512-cBaWmXqyfRhH8zmUxK3d3sAhEWLrtMjWBRwdMMHJIXSjvjLKvv49adxiEz+FJ8AP90apSDDBx2Tyd/WylV6ikA==}
    cpu: [ia32]
    os: [win32]

  '@rollup/rollup-win32-x64-msvc@4.50.2':
    resolution: {integrity: sha512-APwKy6YUhvZaEoHyM+9xqmTpviEI+9eL7LoCH+aLcvWYHJ663qG5zx7WzWZY+a9qkg5JtzcMyJ9z0WtQBMDmgA==}
    cpu: [x64]
    os: [win32]

  '@scarf/scarf@1.4.0':
    resolution: {integrity: sha512-xxeapPiUXdZAE3che6f3xogoJPeZgig6omHEy1rIY5WVsB3H2BHNnZH+gHG6x91SCWyQCzWGsuL2Hh3ClO5/qQ==}

  '@tokenizer/inflate@0.2.7':
    resolution: {integrity: sha512-MADQgmZT1eKjp06jpI2yozxaU9uVs4GzzgSL+uEq7bVcJ9V1ZXQkeGNql1fsSI0gMy1vhvNTNbUqrx+pZfJVmg==}
    engines: {node: '>=18'}

  '@tokenizer/token@0.3.0':
    resolution: {integrity: sha512-OvjF+z51L3ov0OyAU0duzsYuvO01PH7x4t6DJx+guahgTnBHkhJdG7soQeTSFLWN3efnHyibZ4Z8l2EuWwJN3A==}

  '@ts-morph/common@0.28.0':
    resolution: {integrity: sha512-4w6X/oFmvXcwux6y6ExfM/xSqMHw20cYwFJH+BlYrtGa6nwY9qGq8GXnUs1sVYeF2o/KT3S8hAH6sKBI3VOkBg==}

  '@types/chai@5.2.2':
    resolution: {integrity: sha512-8kB30R7Hwqf40JPiKhVzodJs2Qc1ZJ5zuT3uzw5Hq/dhNCl3G3l83jfpdI1e20BP348+fV7VIL/+FxaXkqBmWg==}

  '@types/deep-eql@4.0.2':
    resolution: {integrity: sha512-c9h9dVVMigMPc4bwTvC5dxqtqJZwQPePsWjPlpSOnojbor6pGqdk541lfA7AqFQr5pB1BRdq0juY9db81BwyFw==}

  '@types/estree@1.0.8':
    resolution: {integrity: sha512-dWHzHa2WqEXI/O1E9OjrocMTKJl2mSrEolh1Iomrv6U+JuNwaHXsXx9bLu5gG7BUWFIN0skIQJQ/L1rIex4X6w==}

  '@types/minimist@1.2.5':
    resolution: {integrity: sha512-hov8bUuiLiyFPGyFPE1lwWhmzYbirOXQNNo40+y3zow8aFVTeyn3VWL0VFFfdNddA8S4Vf0Tc062rzyNr7Paag==}

  '@types/node@22.18.6':
    resolution: {integrity: sha512-r8uszLPpeIWbNKtvWRt/DbVi5zbqZyj1PTmhRMqBMvDnaz1QpmSKujUtJLrqGZeoM8v72MfYggDceY4K1itzWQ==}

  '@vitest/expect@3.2.4':
    resolution: {integrity: sha512-Io0yyORnB6sikFlt8QW5K7slY4OjqNX9jmJQ02QDda8lyM6B5oNgVWoSoKPac8/kgnCUzuHQKrSLtu/uOqqrig==}

  '@vitest/mocker@3.2.4':
    resolution: {integrity: sha512-46ryTE9RZO/rfDd7pEqFl7etuyzekzEhUbTW3BvmeO/BcCMEgq59BKhek3dXDWgAj4oMK6OZi+vRr1wPW6qjEQ==}
    peerDependencies:
      msw: ^2.4.9
      vite: ^5.0.0 || ^6.0.0 || ^7.0.0-0
    peerDependenciesMeta:
      msw:
        optional: true
      vite:
        optional: true

  '@vitest/pretty-format@3.2.4':
    resolution: {integrity: sha512-IVNZik8IVRJRTr9fxlitMKeJeXFFFN0JaB9PHPGQ8NKQbGpfjlTx9zO4RefN8gp7eqjNy8nyK3NZmBzOPeIxtA==}

  '@vitest/runner@3.2.4':
    resolution: {integrity: sha512-oukfKT9Mk41LreEW09vt45f8wx7DordoWUZMYdY/cyAk7w5TWkTRCNZYF7sX7n2wB7jyGAl74OxgwhPgKaqDMQ==}

  '@vitest/snapshot@3.2.4':
    resolution: {integrity: sha512-dEYtS7qQP2CjU27QBC5oUOxLE/v5eLkGqPE0ZKEIDGMs4vKWe7IjgLOeauHsR0D5YuuycGRO5oSRXnwnmA78fQ==}

  '@vitest/spy@3.2.4':
    resolution: {integrity: sha512-vAfasCOe6AIK70iP5UD11Ac4siNUNJ9i/9PZ3NKx07sG6sUxeag1LWdNrMWeKKYBLlzuK+Gn65Yd5nyL6ds+nw==}

  '@vitest/utils@3.2.4':
    resolution: {integrity: sha512-fB2V0JFrQSMsCo9HiSq3Ezpdv4iYaXRG1Sx8edX3MwxfyNn83mKiGzOcH+Fkxt4MHxr3y42fQi1oeAInqgX2QA==}

  argparse@2.0.1:
    resolution: {integrity: sha512-8+9WqebbFzpX9OR+Wa6O29asIogeRMzcGtAINdpMHHyAg10f05aSFVBbcEqGf/PXw1EjAZ+q2/bEBg3DvurK3Q==}

  assertion-error@2.0.1:
    resolution: {integrity: sha512-Izi8RQcffqCeNVgFigKli1ssklIbpHnCYc6AknXGYoB6grJqyeby7jv12JUQgmTAnIDnbck1uxksT4dzN3PWBA==}
    engines: {node: '>=12'}

  cac@6.7.14:
    resolution: {integrity: sha512-b6Ilus+c3RrdDk+JhLKUAQfzzgLEPy6wcXqS7f/xe1EETvsDP6GORG7SFuOs6cID5YkqchW/LXZbX5bc8j7ZcQ==}
    engines: {node: '>=8'}

  chai@5.3.3:
    resolution: {integrity: sha512-4zNhdJD/iOjSH0A05ea+Ke6MU5mmpQcbQsSOkgdaUMJ9zTlDTD/GYlwohmIE2u0gaxHYiVHEn1Fw9mZ/ktJWgw==}
    engines: {node: '>=18'}

  check-error@2.1.1:
    resolution: {integrity: sha512-OAlb+T7V4Op9OwdkjmguYRqncdlx5JiofwOAUkmTF+jNdHwzTaTs4sRAGpzLF3oOz5xAyDGrPgeIDFQmDOTiJw==}
    engines: {node: '>= 16'}

  code-block-writer@13.0.3:
    resolution: {integrity: sha512-Oofo0pq3IKnsFtuHqSF7TqBfr71aeyZDVJ0HpmqB7FBM2qEigL0iPONSCZSO9pE9dZTAxANe5XHG9Uy0YMv8cg==}

  consola@3.4.2:
    resolution: {integrity: sha512-5IKcdX0nnYavi6G7TtOhwkYzyjfJlatbjMjuLSfE2kYT5pMDOilZ4OvMhi637CcDICTmz3wARPoyhqyX1Y+XvA==}
    engines: {node: ^14.18.0 || >=16.10.0}

  debug@4.4.3:
    resolution: {integrity: sha512-RGwwWnwQvkVfavKVt22FGLw+xYSdzARwm0ru6DhTVA3umU5hZc28V3kO4stgYryrTlLpuvgI9GiijltAjNbcqA==}
    engines: {node: '>=6.0'}
    peerDependencies:
      supports-color: '*'
    peerDependenciesMeta:
      supports-color:
        optional: true

  deep-eql@5.0.2:
    resolution: {integrity: sha512-h5k/5U50IJJFpzfL6nO9jaaumfjO/f2NjK/oYB2Djzm4p9L+3T9qWpZqZ2hAbLPuuYq9wrU08WQyBTL5GbPk5Q==}
    engines: {node: '>=6'}

  es-module-lexer@1.7.0:
    resolution: {integrity: sha512-jEQoCwk8hyb2AZziIOLhDqpm5+2ww5uIE6lkO/6jcOCusfk6LhMHpXXfBLXTZ7Ydyt0j4VoUQv6uGNYbdW+kBA==}

  esbuild@0.25.8:
    resolution: {integrity: sha512-vVC0USHGtMi8+R4Kz8rt6JhEWLxsv9Rnu/lGYbPR8u47B+DCBksq9JarW0zOO7bs37hyOK1l2/oqtbciutL5+Q==}
    engines: {node: '>=18'}
    hasBin: true

  estree-walker@3.0.3:
    resolution: {integrity: sha512-7RUKfXgSMMkzt6ZuXmqapOurLGPPfgj6l9uRZ7lRGolvk0y2yocc35LdcxKC5PQZdn2DMqioAQ2NoWcrTKmm6g==}

  expect-type@1.2.2:
    resolution: {integrity: sha512-JhFGDVJ7tmDJItKhYgJCGLOWjuK9vPxiXoUFLwLDc99NlmklilbiQJwoctZtt13+xMw91MCk/REan6MWHqDjyA==}
    engines: {node: '>=12.0.0'}

  fast-safe-stringify@2.1.1:
    resolution: {integrity: sha512-W+KJc2dmILlPplD/H4K9l9LcAHAfPtP6BY84uVLXQ6Evcz9Lcg33Y2z1IVblT6xdY54PXYVHEv+0Wpq8Io6zkA==}

  fdir@6.5.0:
    resolution: {integrity: sha512-tIbYtZbucOs0BRGqPJkshJUYdL+SDH7dVM8gjy+ERp3WAUjLEFJE+02kanyHtwjWOnwrKYBiwAmM0p4kLJAnXg==}
    engines: {node: '>=12.0.0'}
    peerDependencies:
      picomatch: ^3 || ^4
    peerDependenciesMeta:
      picomatch:
        optional: true

  fflate@0.8.2:
    resolution: {integrity: sha512-cPJU47OaAoCbg0pBvzsgpTPhmhqI5eJjh/JIu8tPj5q+T7iLvW/JAYUqmE7KOB4R1ZyEhzBaIQpQpardBF5z8A==}

  file-type@21.0.0:
    resolution: {integrity: sha512-ek5xNX2YBYlXhiUXui3D/BXa3LdqPmoLJ7rqEx2bKJ7EAUEfmXgW0Das7Dc6Nr9MvqaOnIqiPV0mZk/r/UpNAg==}
    engines: {node: '>=20'}

  fsevents@2.3.3:
    resolution: {integrity: sha512-5xoDfX+fL7faATnagmWPpbFtwh/R77WmMMqqHGS65C3vvB0YHrgF+B1YmZ3441tMj5n63k0212XNoJwzlhffQw==}
    engines: {node: ^8.16.0 || ^10.6.0 || >=11.0.0}
    os: [darwin]

  get-tsconfig@4.10.1:
    resolution: {integrity: sha512-auHyJ4AgMz7vgS8Hp3N6HXSmlMdUyhSUrfBF16w153rxtLIEOE+HGqaBppczZvnHLqQJfiHotCYpNhl0lUROFQ==}

  ieee754@1.2.1:
    resolution: {integrity: sha512-dcyqhDvX1C46lXZcVqCpK+FtMRQVdIMN6/Df5js2zouUsqG7I6sFxitIC+7KYK29KdXOLHdu9zL4sFnoVQnqaA==}

  iterare@1.2.1:
    resolution: {integrity: sha512-RKYVTCjAnRthyJes037NX/IiqeidgN1xc3j1RjFfECFp28A1GVwK9nA+i0rJPaHqSZwygLzRnFlzUuHFoWWy+Q==}
    engines: {node: '>=6'}

  js-tokens@9.0.1:
    resolution: {integrity: sha512-mxa9E9ITFOt0ban3j6L5MpjwegGz6lBQmM1IJkWeBZGcMxto50+eWdjC/52xDbS2vy0k7vIMK0Fe2wfL9OQSpQ==}

  js-yaml@4.1.0:
    resolution: {integrity: sha512-wpxZs9NoxZaJESJGIZTyDEaYpl0FKSA+FB9aJiyemKhMwkxQg63h4T1KJgUGHpTqPDNRcmmYLugrRjJlBtWvRA==}
    hasBin: true

  load-esm@1.0.2:
    resolution: {integrity: sha512-nVAvWk/jeyrWyXEAs84mpQCYccxRqgKY4OznLuJhJCa0XsPSfdOIr2zvBZEj3IHEHbX97jjscKRRV539bW0Gpw==}
    engines: {node: '>=13.2.0'}

  lodash@4.17.21:
    resolution: {integrity: sha512-v2kDEe57lecTulaDIuNTPy3Ry4gLGJ6Z1O3vE1krgXZNrsQ+LFTGHVxVjcXPs17LhbZVGedAJv8XZ1tvj5FvSg==}

  loupe@3.2.1:
    resolution: {integrity: sha512-CdzqowRJCeLU72bHvWqwRBBlLcMEtIvGrlvef74kMnV2AolS9Y8xUv1I0U/MNAWMhBlKIoyuEgoJ0t/bbwHbLQ==}

  magic-string@0.30.19:
    resolution: {integrity: sha512-2N21sPY9Ws53PZvsEpVtNuSW+ScYbQdp4b9qUaL+9QkHUrGFKo56Lg9Emg5s9V/qrtNBmiR01sYhUOwu3H+VOw==}

  minimatch@10.0.3:
    resolution: {integrity: sha512-IPZ167aShDZZUMdRk66cyQAW3qr0WzbHkPdMYa8bzZhlHhO3jALbKdxcaak7W9FfT2rZNpQuUu4Od7ILEpXSaw==}
    engines: {node: 20 || >=22}

  minimist@1.2.8:
    resolution: {integrity: sha512-2yyAR8qBkN3YuheJanUpWC5U3bb5osDywNB8RzDVlDwDHbocAJveqqj1u8+SVD7jkWT4yvsHCpWqqWqAxb0zCA==}

  ms@2.1.3:
    resolution: {integrity: sha512-6FlzubTLZG3J2a/NVCAleEhjzq5oxgHyaCU9yYXvcLsvoVaHJq/s5xXI6/XXP6tz7R9xAOtHnSO/tXtF3WRTlA==}

  nanoid@3.3.11:
    resolution: {integrity: sha512-N8SpfPUnUp1bK+PMYW8qSWdl9U+wwNWI4QKxOYDy9JAro3WMX7p2OeVRF9v+347pnakNevPmiHhNmZ2HbFA76w==}
    engines: {node: ^10 || ^12 || ^13.7 || ^14 || >=15.0.1}
    hasBin: true

  path-browserify@1.0.1:
    resolution: {integrity: sha512-b7uo2UCUOYZcnF/3ID0lulOJi/bafxa1xPe7ZPsammBSpjSWQkjNxlt635YGS2MiR9GjvuXCtz2emr3jbsz98g==}

  path-to-regexp@8.2.0:
    resolution: {integrity: sha512-TdrF7fW9Rphjq4RjrW0Kp2AW0Ahwu9sRGTkS6bvDi0SCwZlEZYmcfDbEsTz8RVk0EHIS/Vd1bv3JhG+1xZuAyQ==}
    engines: {node: '>=16'}

  pathe@2.0.3:
    resolution: {integrity: sha512-WUjGcAqP1gQacoQe+OBJsFA7Ld4DyXuUIjZ5cc75cLHvJ7dtNsTugphxIADwspS+AraAUePCKrSVtPLFj/F88w==}

  pathval@2.0.1:
    resolution: {integrity: sha512-//nshmD55c46FuFw26xV/xFAaB5HF9Xdap7HJBBnrKdAd6/GxDBaNA1870O79+9ueg61cZLSVc+OaFlfmObYVQ==}
    engines: {node: '>= 14.16'}

  picocolors@1.1.1:
    resolution: {integrity: sha512-xceH2snhtb5M9liqDsmEw56le376mTZkEX/jEb/RxNFyegNul7eNslCXP9FDj/Lcu0X8KEyMceP2ntpaHrDEVA==}

  picomatch@4.0.3:
    resolution: {integrity: sha512-5gTmgEY/sqK6gFXLIsQNH19lWb4ebPDLA4SdLP7dsWkIXHWlG66oPuVvXSGFPppYZz8ZDZq0dYYrbHfBCVUb1Q==}
    engines: {node: '>=12'}

  postcss@8.5.6:
    resolution: {integrity: sha512-3Ybi1tAuwAP9s0r1UQ2J4n5Y0G05bJkpUIO0/bI9MhwmD70S5aTWbXGBwxHrelT+XM1k6dM0pk+SwNkpTRN7Pg==}
    engines: {node: ^10 || ^12 || >=14}

  reflect-metadata@0.2.2:
    resolution: {integrity: sha512-urBwgfrvVP/eAyXx4hluJivBKzuEbSQs9rKWCrCkbSxNv8mxPcUZKeuoF3Uy4mJl3Lwprp6yy5/39VWigZ4K6Q==}

  resolve-pkg-maps@1.0.0:
    resolution: {integrity: sha512-seS2Tj26TBVOC2NIc2rOe2y2ZO7efxITtLZcGSOnHHNOQ7CkiUBfw0Iw2ck6xkIhPwLhKNLS8BO+hEpngQlqzw==}

  rollup@4.50.2:
    resolution: {integrity: sha512-BgLRGy7tNS9H66aIMASq1qSYbAAJV6Z6WR4QYTvj5FgF15rZ/ympT1uixHXwzbZUBDbkvqUI1KR0fH1FhMaQ9w==}
    engines: {node: '>=18.0.0', npm: '>=8.0.0'}
    hasBin: true

  rxjs@7.8.2:
    resolution: {integrity: sha512-dhKf903U/PQZY6boNNtAGdWbG85WAbjT/1xYoZIC7FAY0yWapOBQVsVrDl58W86//e1VpMNBtRV4MaXfdMySFA==}

  siginfo@2.0.0:
    resolution: {integrity: sha512-ybx0WO1/8bSBLEWXZvEd7gMW3Sn3JFlW3TvX1nREbDLRNQNaeNN8WK0meBwPdAaOI7TtRRRJn/Es1zhrrCHu7g==}

  source-map-js@1.2.1:
    resolution: {integrity: sha512-UXWMKhLOwVKb728IUtQPXxfYU+usdybtUrK/8uGE8CQMvrhOpwvzDBwj0QhSL7MQc7vIsISBG8VQ8+IDQxpfQA==}
    engines: {node: '>=0.10.0'}

  stackback@0.0.2:
    resolution: {integrity: sha512-1XMJE5fQo1jGH6Y/7ebnwPOBEkIEnT4QF32d5R1+VXdXveM0IBMJt8zfaxX1P3QhVwrYe+576+jkANtSS2mBbw==}

  std-env@3.9.0:
    resolution: {integrity: sha512-UGvjygr6F6tpH7o2qyqR6QYpwraIjKSdtzyBdyytFOHmPZY917kwdwLG0RbOjWOnKmnm3PeHjaoLLMie7kPLQw==}

  strip-literal@3.0.0:
    resolution: {integrity: sha512-TcccoMhJOM3OebGhSBEmp3UZ2SfDMZUEBdRA/9ynfLi8yYajyWX3JiXArcJt4Umh4vISpspkQIY8ZZoCqjbviA==}

  strtok3@10.3.4:
    resolution: {integrity: sha512-KIy5nylvC5le1OdaaoCJ07L+8iQzJHGH6pWDuzS+d07Cu7n1MZ2x26P8ZKIWfbK02+XIL8Mp4RkWeqdUCrDMfg==}
    engines: {node: '>=18'}

  swagger-ui-dist@5.21.0:
    resolution: {integrity: sha512-E0K3AB6HvQd8yQNSMR7eE5bk+323AUxjtCz/4ZNKiahOlPhPJxqn3UPIGs00cyY/dhrTDJ61L7C/a8u6zhGrZg==}

  tinybench@2.9.0:
    resolution: {integrity: sha512-0+DUvqWMValLmha6lr4kD8iAMK1HzV0/aKnCtWb9v9641TnP/MFb7Pc2bxoxQjTXAErryXVgUOfv2YqNllqGeg==}

  tinyexec@0.3.2:
    resolution: {integrity: sha512-KQQR9yN7R5+OSwaK0XQoj22pwHoTlgYqmUscPYoknOoWCWfj/5/ABTMRi69FrKU5ffPVh5QcFikpWJI/P1ocHA==}

  tinyglobby@0.2.15:
    resolution: {integrity: sha512-j2Zq4NyQYG5XMST4cbs02Ak8iJUdxRM0XI5QyxXuZOzKOINmWurp3smXu3y5wDcJrptwpSjgXHzIQxR0omXljQ==}
    engines: {node: '>=12.0.0'}

  tinypool@1.1.1:
    resolution: {integrity: sha512-Zba82s87IFq9A9XmjiX5uZA/ARWDrB03OHlq+Vw1fSdt0I+4/Kutwy8BP4Y/y/aORMo61FQ0vIb5j44vSo5Pkg==}
    engines: {node: ^18.0.0 || >=20.0.0}

  tinyrainbow@2.0.0:
    resolution: {integrity: sha512-op4nsTR47R6p0vMUUoYl/a+ljLFVtlfaXkLQmqfLR1qHma1h/ysYk4hEXZ880bf2CYgTskvTa/e196Vd5dDQXw==}
    engines: {node: '>=14.0.0'}

  tinyspy@4.0.4:
    resolution: {integrity: sha512-azl+t0z7pw/z958Gy9svOTuzqIk6xq+NSheJzn5MMWtWTFywIacg2wUlzKFGtt3cthx0r2SxMK0yzJOR0IES7Q==}
    engines: {node: '>=14.0.0'}

  token-types@6.1.1:
    resolution: {integrity: sha512-kh9LVIWH5CnL63Ipf0jhlBIy0UsrMj/NJDfpsy1SqOXlLKEVyXXYrnFxFT1yOOYVGBSApeVnjPw/sBz5BfEjAQ==}
    engines: {node: '>=14.16'}

  ts-morph@27.0.0:
    resolution: {integrity: sha512-xcqelpTR5PCuZMs54qp9DE3t7tPgA2v/P1/qdW4ke5b3Y5liTGTYj6a/twT35EQW/H5okRqp1UOqwNlgg0K0eQ==}

  tslib@2.8.1:
    resolution: {integrity: sha512-oJFu94HQb+KVduSUQL7wnpmqnfmLsOA/nAh6b6EH0wCEoK0/mPeXU6c3wKDV83MkOuHPRHtSXKKU99IBazS/2w==}

  tsx@4.20.5:
    resolution: {integrity: sha512-+wKjMNU9w/EaQayHXb7WA7ZaHY6hN8WgfvHNQ3t1PnU91/7O8TcTnIhCDYTZwnt8JsO9IBqZ30Ln1r7pPF52Aw==}
    engines: {node: '>=18.0.0'}
    hasBin: true

  typescript@5.9.2:
    resolution: {integrity: sha512-CWBzXQrc/qOkhidw1OzBTQuYRbfyxDXJMVJ1XNwUHGROVmuaeiEm3OslpZ1RV96d7SKKjZKrSJu3+t/xlw3R9A==}
    engines: {node: '>=14.17'}
    hasBin: true

  uid@2.0.2:
    resolution: {integrity: sha512-u3xV3X7uzvi5b1MncmZo3i2Aw222Zk1keqLA1YkHldREkAhAqi65wuPfe7lHx8H/Wzy+8CE7S7uS3jekIM5s8g==}
    engines: {node: '>=8'}

  uint8array-extras@1.5.0:
    resolution: {integrity: sha512-rvKSBiC5zqCCiDZ9kAOszZcDvdAHwwIKJG33Ykj43OKcWsnmcBRL09YTU4nOeHZ8Y2a7l1MgTd08SBe9A8Qj6A==}
    engines: {node: '>=18'}

  undici-types@6.21.0:
    resolution: {integrity: sha512-iwDZqg0QAGrg9Rav5H4n0M64c3mkR59cJ6wQp+7C4nI0gsmExaedaYLNO44eT4AtBBwjbTiGPMlt2Md0T9H9JQ==}

  vite-node@3.2.4:
    resolution: {integrity: sha512-EbKSKh+bh1E1IFxeO0pg1n4dvoOTt0UDiXMd/qn++r98+jPO1xtJilvXldeuQ8giIB5IkpjCgMleHMNEsGH6pg==}
    engines: {node: ^18.0.0 || ^20.0.0 || >=22.0.0}
    hasBin: true

  vite@7.1.6:
    resolution: {integrity: sha512-SRYIB8t/isTwNn8vMB3MR6E+EQZM/WG1aKmmIUCfDXfVvKfc20ZpamngWHKzAmmu9ppsgxsg4b2I7c90JZudIQ==}
    engines: {node: ^20.19.0 || >=22.12.0}
    hasBin: true
    peerDependencies:
      '@types/node': ^20.19.0 || >=22.12.0
      jiti: '>=1.21.0'
      less: ^4.0.0
      lightningcss: ^1.21.0
      sass: ^1.70.0
      sass-embedded: ^1.70.0
      stylus: '>=0.54.8'
      sugarss: ^5.0.0
      terser: ^5.16.0
      tsx: ^4.8.1
      yaml: ^2.4.2
    peerDependenciesMeta:
      '@types/node':
        optional: true
      jiti:
        optional: true
      less:
        optional: true
      lightningcss:
        optional: true
      sass:
        optional: true
      sass-embedded:
        optional: true
      stylus:
        optional: true
      sugarss:
        optional: true
      terser:
        optional: true
      tsx:
        optional: true
      yaml:
        optional: true

  vitest@3.2.4:
    resolution: {integrity: sha512-LUCP5ev3GURDysTWiP47wRRUpLKMOfPh+yKTx3kVIEiu5KOMeqzpnYNsKyOoVrULivR8tLcks4+lga33Whn90A==}
    engines: {node: ^18.0.0 || ^20.0.0 || >=22.0.0}
    hasBin: true
    peerDependencies:
      '@edge-runtime/vm': '*'
      '@types/debug': ^4.1.12
      '@types/node': ^18.0.0 || ^20.0.0 || >=22.0.0
      '@vitest/browser': 3.2.4
      '@vitest/ui': 3.2.4
      happy-dom: '*'
      jsdom: '*'
    peerDependenciesMeta:
      '@edge-runtime/vm':
        optional: true
      '@types/debug':
        optional: true
      '@types/node':
        optional: true
      '@vitest/browser':
        optional: true
      '@vitest/ui':
        optional: true
      happy-dom:
        optional: true
      jsdom:
        optional: true

  why-is-node-running@2.3.0:
    resolution: {integrity: sha512-hUrmaWBdVDcxvYqnyh09zunKzROWjbZTiNy8dBEjkS7ehEDQibXJ7XvlmtbwuTclUiIyN+CyXQD4Vmko8fNm8w==}
    engines: {node: '>=8'}
    hasBin: true

snapshots:

  '@borewit/text-codec@0.1.1': {}

  '@esbuild/aix-ppc64@0.25.8':
    optional: true

  '@esbuild/android-arm64@0.25.8':
    optional: true

  '@esbuild/android-arm@0.25.8':
    optional: true

  '@esbuild/android-x64@0.25.8':
    optional: true

  '@esbuild/darwin-arm64@0.25.8':
    optional: true

  '@esbuild/darwin-x64@0.25.8':
    optional: true

  '@esbuild/freebsd-arm64@0.25.8':
    optional: true

  '@esbuild/freebsd-x64@0.25.8':
    optional: true

  '@esbuild/linux-arm64@0.25.8':
    optional: true

  '@esbuild/linux-arm@0.25.8':
    optional: true

  '@esbuild/linux-ia32@0.25.8':
    optional: true

  '@esbuild/linux-loong64@0.25.8':
    optional: true

  '@esbuild/linux-mips64el@0.25.8':
    optional: true

  '@esbuild/linux-ppc64@0.25.8':
    optional: true

  '@esbuild/linux-riscv64@0.25.8':
    optional: true

  '@esbuild/linux-s390x@0.25.8':
    optional: true

  '@esbuild/linux-x64@0.25.8':
    optional: true

  '@esbuild/netbsd-arm64@0.25.8':
    optional: true

  '@esbuild/netbsd-x64@0.25.8':
    optional: true

  '@esbuild/openbsd-arm64@0.25.8':
    optional: true

  '@esbuild/openbsd-x64@0.25.8':
    optional: true

  '@esbuild/openharmony-arm64@0.25.8':
    optional: true

  '@esbuild/sunos-x64@0.25.8':
    optional: true

  '@esbuild/win32-arm64@0.25.8':
    optional: true

  '@esbuild/win32-ia32@0.25.8':
    optional: true

  '@esbuild/win32-x64@0.25.8':
    optional: true

  '@isaacs/balanced-match@4.0.1': {}

  '@isaacs/brace-expansion@5.0.0':
    dependencies:
      '@isaacs/balanced-match': 4.0.1

  '@jridgewell/sourcemap-codec@1.5.5': {}

  '@lukeed/csprng@1.1.0': {}

  '@microsoft/tsdoc@0.15.1': {}

  '@nestjs/common@11.1.6(reflect-metadata@0.2.2)(rxjs@7.8.2)':
    dependencies:
      file-type: 21.0.0
      iterare: 1.2.1
      load-esm: 1.0.2
      reflect-metadata: 0.2.2
      rxjs: 7.8.2
      tslib: 2.8.1
      uid: 2.0.2
    transitivePeerDependencies:
      - supports-color

  '@nestjs/core@11.1.6(@nestjs/common@11.1.6(reflect-metadata@0.2.2)(rxjs@7.8.2))(reflect-metadata@0.2.2)(rxjs@7.8.2)':
    dependencies:
      '@nestjs/common': 11.1.6(reflect-metadata@0.2.2)(rxjs@7.8.2)
      '@nuxt/opencollective': 0.4.1
      fast-safe-stringify: 2.1.1
      iterare: 1.2.1
      path-to-regexp: 8.2.0
      reflect-metadata: 0.2.2
      rxjs: 7.8.2
      tslib: 2.8.1
      uid: 2.0.2

  '@nestjs/mapped-types@2.1.0(@nestjs/common@11.1.6(reflect-metadata@0.2.2)(rxjs@7.8.2))(reflect-metadata@0.2.2)':
    dependencies:
      '@nestjs/common': 11.1.6(reflect-metadata@0.2.2)(rxjs@7.8.2)
      reflect-metadata: 0.2.2

  '@nestjs/swagger@11.2.0(@nestjs/common@11.1.6(reflect-metadata@0.2.2)(rxjs@7.8.2))(@nestjs/core@11.1.6(@nestjs/common@11.1.6(reflect-metadata@0.2.2)(rxjs@7.8.2))(reflect-metadata@0.2.2)(rxjs@7.8.2))(reflect-metadata@0.2.2)':
    dependencies:
      '@microsoft/tsdoc': 0.15.1
      '@nestjs/common': 11.1.6(reflect-metadata@0.2.2)(rxjs@7.8.2)
      '@nestjs/core': 11.1.6(@nestjs/common@11.1.6(reflect-metadata@0.2.2)(rxjs@7.8.2))(reflect-metadata@0.2.2)(rxjs@7.8.2)
      '@nestjs/mapped-types': 2.1.0(@nestjs/common@11.1.6(reflect-metadata@0.2.2)(rxjs@7.8.2))(reflect-metadata@0.2.2)
      js-yaml: 4.1.0
      lodash: 4.17.21
      path-to-regexp: 8.2.0
      reflect-metadata: 0.2.2
      swagger-ui-dist: 5.21.0

  '@nuxt/opencollective@0.4.1':
    dependencies:
      consola: 3.4.2

  '@rollup/rollup-android-arm-eabi@4.50.2':
    optional: true

  '@rollup/rollup-android-arm64@4.50.2':
    optional: true

  '@rollup/rollup-darwin-arm64@4.50.2':
    optional: true

  '@rollup/rollup-darwin-x64@4.50.2':
    optional: true

  '@rollup/rollup-freebsd-arm64@4.50.2':
    optional: true

  '@rollup/rollup-freebsd-x64@4.50.2':
    optional: true

  '@rollup/rollup-linux-arm-gnueabihf@4.50.2':
    optional: true

  '@rollup/rollup-linux-arm-musleabihf@4.50.2':
    optional: true

  '@rollup/rollup-linux-arm64-gnu@4.50.2':
    optional: true

  '@rollup/rollup-linux-arm64-musl@4.50.2':
    optional: true

  '@rollup/rollup-linux-loong64-gnu@4.50.2':
    optional: true

  '@rollup/rollup-linux-ppc64-gnu@4.50.2':
    optional: true

  '@rollup/rollup-linux-riscv64-gnu@4.50.2':
    optional: true

  '@rollup/rollup-linux-riscv64-musl@4.50.2':
    optional: true

  '@rollup/rollup-linux-s390x-gnu@4.50.2':
    optional: true

  '@rollup/rollup-linux-x64-gnu@4.50.2':
    optional: true

  '@rollup/rollup-linux-x64-musl@4.50.2':
    optional: true

  '@rollup/rollup-openharmony-arm64@4.50.2':
    optional: true

  '@rollup/rollup-win32-arm64-msvc@4.50.2':
    optional: true

  '@rollup/rollup-win32-ia32-msvc@4.50.2':
    optional: true

  '@rollup/rollup-win32-x64-msvc@4.50.2':
    optional: true

  '@scarf/scarf@1.4.0': {}

  '@tokenizer/inflate@0.2.7':
    dependencies:
      debug: 4.4.3
      fflate: 0.8.2
      token-types: 6.1.1
    transitivePeerDependencies:
      - supports-color

  '@tokenizer/token@0.3.0': {}

  '@ts-morph/common@0.28.0':
    dependencies:
      minimatch: 10.0.3
      path-browserify: 1.0.1
      tinyglobby: 0.2.15

  '@types/chai@5.2.2':
    dependencies:
      '@types/deep-eql': 4.0.2

  '@types/deep-eql@4.0.2': {}

  '@types/estree@1.0.8': {}

  '@types/minimist@1.2.5': {}

  '@types/node@22.18.6':
    dependencies:
      undici-types: 6.21.0

  '@vitest/expect@3.2.4':
    dependencies:
      '@types/chai': 5.2.2
      '@vitest/spy': 3.2.4
      '@vitest/utils': 3.2.4
      chai: 5.3.3
      tinyrainbow: 2.0.0

  '@vitest/mocker@3.2.4(vite@7.1.6(@types/node@22.18.6)(tsx@4.20.5))':
    dependencies:
      '@vitest/spy': 3.2.4
      estree-walker: 3.0.3
      magic-string: 0.30.19
    optionalDependencies:
      vite: 7.1.6(@types/node@22.18.6)(tsx@4.20.5)

  '@vitest/pretty-format@3.2.4':
    dependencies:
      tinyrainbow: 2.0.0

  '@vitest/runner@3.2.4':
    dependencies:
      '@vitest/utils': 3.2.4
      pathe: 2.0.3
      strip-literal: 3.0.0

  '@vitest/snapshot@3.2.4':
    dependencies:
      '@vitest/pretty-format': 3.2.4
      magic-string: 0.30.19
      pathe: 2.0.3

  '@vitest/spy@3.2.4':
    dependencies:
      tinyspy: 4.0.4

  '@vitest/utils@3.2.4':
    dependencies:
      '@vitest/pretty-format': 3.2.4
      loupe: 3.2.1
      tinyrainbow: 2.0.0

  argparse@2.0.1: {}

  assertion-error@2.0.1: {}

  cac@6.7.14: {}

  chai@5.3.3:
    dependencies:
      assertion-error: 2.0.1
      check-error: 2.1.1
      deep-eql: 5.0.2
      loupe: 3.2.1
      pathval: 2.0.1

  check-error@2.1.1: {}

  code-block-writer@13.0.3: {}

  consola@3.4.2: {}

  debug@4.4.3:
    dependencies:
      ms: 2.1.3

  deep-eql@5.0.2: {}

  es-module-lexer@1.7.0: {}

  esbuild@0.25.8:
    optionalDependencies:
      '@esbuild/aix-ppc64': 0.25.8
      '@esbuild/android-arm': 0.25.8
      '@esbuild/android-arm64': 0.25.8
      '@esbuild/android-x64': 0.25.8
      '@esbuild/darwin-arm64': 0.25.8
      '@esbuild/darwin-x64': 0.25.8
      '@esbuild/freebsd-arm64': 0.25.8
      '@esbuild/freebsd-x64': 0.25.8
      '@esbuild/linux-arm': 0.25.8
      '@esbuild/linux-arm64': 0.25.8
      '@esbuild/linux-ia32': 0.25.8
      '@esbuild/linux-loong64': 0.25.8
      '@esbuild/linux-mips64el': 0.25.8
      '@esbuild/linux-ppc64': 0.25.8
      '@esbuild/linux-riscv64': 0.25.8
      '@esbuild/linux-s390x': 0.25.8
      '@esbuild/linux-x64': 0.25.8
      '@esbuild/netbsd-arm64': 0.25.8
      '@esbuild/netbsd-x64': 0.25.8
      '@esbuild/openbsd-arm64': 0.25.8
      '@esbuild/openbsd-x64': 0.25.8
      '@esbuild/openharmony-arm64': 0.25.8
      '@esbuild/sunos-x64': 0.25.8
      '@esbuild/win32-arm64': 0.25.8
      '@esbuild/win32-ia32': 0.25.8
      '@esbuild/win32-x64': 0.25.8

  estree-walker@3.0.3:
    dependencies:
      '@types/estree': 1.0.8

  expect-type@1.2.2: {}

  fast-safe-stringify@2.1.1: {}

  fdir@6.5.0(picomatch@4.0.3):
    optionalDependencies:
      picomatch: 4.0.3

  fflate@0.8.2: {}

  file-type@21.0.0:
    dependencies:
      '@tokenizer/inflate': 0.2.7
      strtok3: 10.3.4
      token-types: 6.1.1
      uint8array-extras: 1.5.0
    transitivePeerDependencies:
      - supports-color

  fsevents@2.3.3:
    optional: true

  get-tsconfig@4.10.1:
    dependencies:
      resolve-pkg-maps: 1.0.0

  ieee754@1.2.1: {}

  iterare@1.2.1: {}

  js-tokens@9.0.1: {}

  js-yaml@4.1.0:
    dependencies:
      argparse: 2.0.1

  load-esm@1.0.2: {}

  lodash@4.17.21: {}

  loupe@3.2.1: {}

  magic-string@0.30.19:
    dependencies:
      '@jridgewell/sourcemap-codec': 1.5.5

  minimatch@10.0.3:
    dependencies:
      '@isaacs/brace-expansion': 5.0.0

  minimist@1.2.8: {}

  ms@2.1.3: {}

  nanoid@3.3.11: {}

  path-browserify@1.0.1: {}

  path-to-regexp@8.2.0: {}

  pathe@2.0.3: {}

  pathval@2.0.1: {}

  picocolors@1.1.1: {}

  picomatch@4.0.3: {}

  postcss@8.5.6:
    dependencies:
      nanoid: 3.3.11
      picocolors: 1.1.1
      source-map-js: 1.2.1

  reflect-metadata@0.2.2: {}

  resolve-pkg-maps@1.0.0: {}

  rollup@4.50.2:
    dependencies:
      '@types/estree': 1.0.8
    optionalDependencies:
      '@rollup/rollup-android-arm-eabi': 4.50.2
      '@rollup/rollup-android-arm64': 4.50.2
      '@rollup/rollup-darwin-arm64': 4.50.2
      '@rollup/rollup-darwin-x64': 4.50.2
      '@rollup/rollup-freebsd-arm64': 4.50.2
      '@rollup/rollup-freebsd-x64': 4.50.2
      '@rollup/rollup-linux-arm-gnueabihf': 4.50.2
      '@rollup/rollup-linux-arm-musleabihf': 4.50.2
      '@rollup/rollup-linux-arm64-gnu': 4.50.2
      '@rollup/rollup-linux-arm64-musl': 4.50.2
      '@rollup/rollup-linux-loong64-gnu': 4.50.2
      '@rollup/rollup-linux-ppc64-gnu': 4.50.2
      '@rollup/rollup-linux-riscv64-gnu': 4.50.2
      '@rollup/rollup-linux-riscv64-musl': 4.50.2
      '@rollup/rollup-linux-s390x-gnu': 4.50.2
      '@rollup/rollup-linux-x64-gnu': 4.50.2
      '@rollup/rollup-linux-x64-musl': 4.50.2
      '@rollup/rollup-openharmony-arm64': 4.50.2
      '@rollup/rollup-win32-arm64-msvc': 4.50.2
      '@rollup/rollup-win32-ia32-msvc': 4.50.2
      '@rollup/rollup-win32-x64-msvc': 4.50.2
      fsevents: 2.3.3

  rxjs@7.8.2:
    dependencies:
      tslib: 2.8.1

  siginfo@2.0.0: {}

  source-map-js@1.2.1: {}

  stackback@0.0.2: {}

  std-env@3.9.0: {}

  strip-literal@3.0.0:
    dependencies:
      js-tokens: 9.0.1

  strtok3@10.3.4:
    dependencies:
      '@tokenizer/token': 0.3.0

  swagger-ui-dist@5.21.0:
    dependencies:
      '@scarf/scarf': 1.4.0

  tinybench@2.9.0: {}

  tinyexec@0.3.2: {}

  tinyglobby@0.2.15:
    dependencies:
      fdir: 6.5.0(picomatch@4.0.3)
      picomatch: 4.0.3

  tinypool@1.1.1: {}

  tinyrainbow@2.0.0: {}

  tinyspy@4.0.4: {}

  token-types@6.1.1:
    dependencies:
      '@borewit/text-codec': 0.1.1
      '@tokenizer/token': 0.3.0
      ieee754: 1.2.1

  ts-morph@27.0.0:
    dependencies:
      '@ts-morph/common': 0.28.0
      code-block-writer: 13.0.3

  tslib@2.8.1: {}

  tsx@4.20.5:
    dependencies:
      esbuild: 0.25.8
      get-tsconfig: 4.10.1
    optionalDependencies:
      fsevents: 2.3.3

  typescript@5.9.2: {}

  uid@2.0.2:
    dependencies:
      '@lukeed/csprng': 1.1.0

  uint8array-extras@1.5.0: {}

  undici-types@6.21.0: {}

  vite-node@3.2.4(@types/node@22.18.6)(tsx@4.20.5):
    dependencies:
      cac: 6.7.14
      debug: 4.4.3
      es-module-lexer: 1.7.0
      pathe: 2.0.3
      vite: 7.1.6(@types/node@22.18.6)(tsx@4.20.5)
    transitivePeerDependencies:
      - '@types/node'
      - jiti
      - less
      - lightningcss
      - sass
      - sass-embedded
      - stylus
      - sugarss
      - supports-color
      - terser
      - tsx
      - yaml

  vite@7.1.6(@types/node@22.18.6)(tsx@4.20.5):
    dependencies:
      esbuild: 0.25.8
      fdir: 6.5.0(picomatch@4.0.3)
      picomatch: 4.0.3
      postcss: 8.5.6
      rollup: 4.50.2
      tinyglobby: 0.2.15
    optionalDependencies:
      '@types/node': 22.18.6
      fsevents: 2.3.3
      tsx: 4.20.5

  vitest@3.2.4(@types/node@22.18.6)(tsx@4.20.5):
    dependencies:
      '@types/chai': 5.2.2
      '@vitest/expect': 3.2.4
      '@vitest/mocker': 3.2.4(vite@7.1.6(@types/node@22.18.6)(tsx@4.20.5))
      '@vitest/pretty-format': 3.2.4
      '@vitest/runner': 3.2.4
      '@vitest/snapshot': 3.2.4
      '@vitest/spy': 3.2.4
      '@vitest/utils': 3.2.4
      chai: 5.3.3
      debug: 4.4.3
      expect-type: 1.2.2
      magic-string: 0.30.19
      pathe: 2.0.3
      picomatch: 4.0.3
      std-env: 3.9.0
      tinybench: 2.9.0
      tinyexec: 0.3.2
      tinyglobby: 0.2.15
      tinypool: 1.1.1
      tinyrainbow: 2.0.0
      vite: 7.1.6(@types/node@22.18.6)(tsx@4.20.5)
      vite-node: 3.2.4(@types/node@22.18.6)(tsx@4.20.5)
      why-is-node-running: 2.3.0
    optionalDependencies:
      '@types/node': 22.18.6
    transitivePeerDependencies:
      - jiti
      - less
      - lightningcss
      - msw
      - sass
      - sass-embedded
      - stylus
      - sugarss
      - supports-color
      - terser
      - tsx
      - yaml

  why-is-node-running@2.3.0:
    dependencies:
      siginfo: 2.0.0
      stackback: 0.0.2
